
Microsoft Visual Studio Solution File, Format Version 12.00
# Visual Studio Version 17
VisualStudioVersion = 17.7.34031.279
MinimumVisualStudioVersion = 10.0.40219.1
Project("{9A19103F-16F7-4668-BE54-9A1E7A4F7556}") = "Clase6", "MyFirstWindowsForm\Clase6.csproj", "{BA4D36F5-4E58-44AB-8C1B-70D5C39A413C}"
EndProject
Project("{9A19103F-16F7-4668-BE54-9A1E7A4F7556}") = "ClasesNegocio(Clase 5)", "ClasesNegocio(Clase 5)\ClasesNegocio(Clase 5).csproj", "{24F49DFF-85E5-48EF-9FA2-F4A699AE60F6}"
EndProject
Project("{9A19103F-16F7-4668-BE54-9A1E7A4F7556}") = "Clase 5 (collections)", "Clase5\Clase 5 (collections).csproj", "{AB50C597-D9DF-4EC5-8A7A-BB636FC7C699}"
EndProject
Global
	GlobalSection(SolutionConfigurationPlatforms) = preSolution
		Debug|Any CPU = Debug|Any CPU
		Release|Any CPU = Release|Any CPU
	EndGlobalSection
	GlobalSection(ProjectConfigurationPlatforms) = postSolution
		{BA4D36F5-4E58-44AB-8C1B-70D5C39A413C}.Debug|Any CPU.ActiveCfg = Debug|Any CPU
		{BA4D36F5-4E58-44AB-8C1B-70D5C39A413C}.Debug|Any CPU.Build.0 = Debug|Any CPU
		{BA4D36F5-4E58-44AB-8C1B-70D5C39A413C}.Release|Any CPU.ActiveCfg = Release|Any CPU
		{BA4D36F5-4E58-44AB-8C1B-70D5C39A413C}.Release|Any CPU.Build.0 = Release|Any CPU
		{24F49DFF-85E5-48EF-9FA2-F4A699AE60F6}.Debug|Any CPU.ActiveCfg = Debug|Any CPU
		{24F49DFF-85E5-48EF-9FA2-F4A699AE60F6}.Debug|Any CPU.Build.0 = Debug|Any CPU
		{24F49DFF-85E5-48EF-9FA2-F4A699AE60F6}.Release|Any CPU.ActiveCfg = Release|Any CPU
		{24F49DFF-85E5-48EF-9FA2-F4A699AE60F6}.Release|Any CPU.Build.0 = Release|Any CPU
		{AB50C597-D9DF-4EC5-8A7A-BB636FC7C699}.Debug|Any CPU.ActiveCfg = Debug|Any CPU
		{AB50C597-D9DF-4EC5-8A7A-BB636FC7C699}.Debug|Any CPU.Build.0 = Debug|Any CPU
		{AB50C597-D9DF-4EC5-8A7A-BB636FC7C699}.Release|Any CPU.ActiveCfg = Release|Any CPU
		{AB50C597-D9DF-4EC5-8A7A-BB636FC7C699}.Release|Any CPU.Build.0 = Release|Any CPU
	EndGlobalSection
	GlobalSection(SolutionProperties) = preSolution
		HideSolutionNode = FALSE
	EndGlobalSection
	GlobalSection(ExtensibilityGlobals) = postSolution
		SolutionGuid = {56F3672F-7596-4B5D-B6DB-4FF9707CD750}
	EndGlobalSection
EndGlobal
